
Microsoft Visual Studio Solution File, Format Version 12.00
# Visual Studio Version 17
VisualStudioVersion = 17.9.34723.18
MinimumVisualStudioVersion = 10.0.40219.1
Project("{9A19103F-16F7-4668-BE54-9A1E7A4F7556}") = "01.Students", "01.Students\01.Students.csproj", "{47AE56E9-6060-4725-9332-E9A14472FDA4}"
EndProject
Project("{9A19103F-16F7-4668-BE54-9A1E7A4F7556}") = "02.Articles", "02.Articles\02.Articles.csproj", "{D78FE0A3-A839-4B11-8AA9-C83825B82F6E}"
EndProject
Project("{9A19103F-16F7-4668-BE54-9A1E7A4F7556}") = "03.TeamworkProjects", "03.TeamworkProjects\03.TeamworkProjects.csproj", "{C20C3B12-EC13-46EC-9F70-EDDE8720D9C2}"
EndProject
Project("{FAE04EC0-301F-11D3-BF4B-00C04F79EFBC}") = "04.PokemonTrainer", "04.PokemonTrainer\04.PokemonTrainer.csproj", "{492AE5F1-176E-4D70-8A72-2E5E6810DFCF}"
EndProject
Global
	GlobalSection(SolutionConfigurationPlatforms) = preSolution
		Debug|Any CPU = Debug|Any CPU
		Release|Any CPU = Release|Any CPU
	EndGlobalSection
	GlobalSection(ProjectConfigurationPlatforms) = postSolution
		{47AE56E9-6060-4725-9332-E9A14472FDA4}.Debug|Any CPU.ActiveCfg = Debug|Any CPU
		{47AE56E9-6060-4725-9332-E9A14472FDA4}.Debug|Any CPU.Build.0 = Debug|Any CPU
		{47AE56E9-6060-4725-9332-E9A14472FDA4}.Release|Any CPU.ActiveCfg = Release|Any CPU
		{47AE56E9-6060-4725-9332-E9A14472FDA4}.Release|Any CPU.Build.0 = Release|Any CPU
		{D78FE0A3-A839-4B11-8AA9-C83825B82F6E}.Debug|Any CPU.ActiveCfg = Debug|Any CPU
		{D78FE0A3-A839-4B11-8AA9-C83825B82F6E}.Debug|Any CPU.Build.0 = Debug|Any CPU
		{D78FE0A3-A839-4B11-8AA9-C83825B82F6E}.Release|Any CPU.ActiveCfg = Release|Any CPU
		{D78FE0A3-A839-4B11-8AA9-C83825B82F6E}.Release|Any CPU.Build.0 = Release|Any CPU
		{C20C3B12-EC13-46EC-9F70-EDDE8720D9C2}.Debug|Any CPU.ActiveCfg = Debug|Any CPU
		{C20C3B12-EC13-46EC-9F70-EDDE8720D9C2}.Debug|Any CPU.Build.0 = Debug|Any CPU
		{C20C3B12-EC13-46EC-9F70-EDDE8720D9C2}.Release|Any CPU.ActiveCfg = Release|Any CPU
		{C20C3B12-EC13-46EC-9F70-EDDE8720D9C2}.Release|Any CPU.Build.0 = Release|Any CPU
		{492AE5F1-176E-4D70-8A72-2E5E6810DFCF}.Debug|Any CPU.ActiveCfg = Debug|Any CPU
		{492AE5F1-176E-4D70-8A72-2E5E6810DFCF}.Debug|Any CPU.Build.0 = Debug|Any CPU
		{492AE5F1-176E-4D70-8A72-2E5E6810DFCF}.Release|Any CPU.ActiveCfg = Release|Any CPU
		{492AE5F1-176E-4D70-8A72-2E5E6810DFCF}.Release|Any CPU.Build.0 = Release|Any CPU
	EndGlobalSection
	GlobalSection(SolutionProperties) = preSolution
		HideSolutionNode = FALSE
	EndGlobalSection
	GlobalSection(ExtensibilityGlobals) = postSolution
		SolutionGuid = {06F9A0CB-3B23-46D4-BDD8-6B5C81DB554F}
	EndGlobalSection
EndGlobal
