
Microsoft Visual Studio Solution File, Format Version 12.00
# Visual Studio Version 17
VisualStudioVersion = 17.9.34723.18
MinimumVisualStudioVersion = 10.0.40219.1
Project("{FAE04EC0-301F-11D3-BF4B-00C04F79EFBC}") = "01.CountRealNumbers", "01.CountRealNumbers\01.CountRealNumbers.csproj", "{DF3989E8-E5D4-4B7C-BFC3-17CA31B05691}"
EndProject
Project("{FAE04EC0-301F-11D3-BF4B-00C04F79EFBC}") = "02.OddOccurrences", "02.OddOccurrences\02.OddOccurrences.csproj", "{038320CB-1C65-4FF2-B152-3E1ED508C666}"
EndProject
Project("{FAE04EC0-301F-11D3-BF4B-00C04F79EFBC}") = "03.WordSynonyms", "03.WordSynonyms\03.WordSynonyms.csproj", "{B83B59FE-148F-43C3-9D66-3C0FB047F638}"
EndProject
Project("{FAE04EC0-301F-11D3-BF4B-00C04F79EFBC}") = "04.WordFilter", "04.WordFilter\04.WordFilter.csproj", "{D167015E-7033-4491-B5C6-4C199C19776B}"
EndProject
Global
	GlobalSection(SolutionConfigurationPlatforms) = preSolution
		Debug|Any CPU = Debug|Any CPU
		Release|Any CPU = Release|Any CPU
	EndGlobalSection
	GlobalSection(ProjectConfigurationPlatforms) = postSolution
		{DF3989E8-E5D4-4B7C-BFC3-17CA31B05691}.Debug|Any CPU.ActiveCfg = Debug|Any CPU
		{DF3989E8-E5D4-4B7C-BFC3-17CA31B05691}.Debug|Any CPU.Build.0 = Debug|Any CPU
		{DF3989E8-E5D4-4B7C-BFC3-17CA31B05691}.Release|Any CPU.ActiveCfg = Release|Any CPU
		{DF3989E8-E5D4-4B7C-BFC3-17CA31B05691}.Release|Any CPU.Build.0 = Release|Any CPU
		{038320CB-1C65-4FF2-B152-3E1ED508C666}.Debug|Any CPU.ActiveCfg = Debug|Any CPU
		{038320CB-1C65-4FF2-B152-3E1ED508C666}.Debug|Any CPU.Build.0 = Debug|Any CPU
		{038320CB-1C65-4FF2-B152-3E1ED508C666}.Release|Any CPU.ActiveCfg = Release|Any CPU
		{038320CB-1C65-4FF2-B152-3E1ED508C666}.Release|Any CPU.Build.0 = Release|Any CPU
		{B83B59FE-148F-43C3-9D66-3C0FB047F638}.Debug|Any CPU.ActiveCfg = Debug|Any CPU
		{B83B59FE-148F-43C3-9D66-3C0FB047F638}.Debug|Any CPU.Build.0 = Debug|Any CPU
		{B83B59FE-148F-43C3-9D66-3C0FB047F638}.Release|Any CPU.ActiveCfg = Release|Any CPU
		{B83B59FE-148F-43C3-9D66-3C0FB047F638}.Release|Any CPU.Build.0 = Release|Any CPU
		{D167015E-7033-4491-B5C6-4C199C19776B}.Debug|Any CPU.ActiveCfg = Debug|Any CPU
		{D167015E-7033-4491-B5C6-4C199C19776B}.Debug|Any CPU.Build.0 = Debug|Any CPU
		{D167015E-7033-4491-B5C6-4C199C19776B}.Release|Any CPU.ActiveCfg = Release|Any CPU
		{D167015E-7033-4491-B5C6-4C199C19776B}.Release|Any CPU.Build.0 = Release|Any CPU
	EndGlobalSection
	GlobalSection(SolutionProperties) = preSolution
		HideSolutionNode = FALSE
	EndGlobalSection
	GlobalSection(ExtensibilityGlobals) = postSolution
		SolutionGuid = {39977994-7AC2-46D0-9AFE-89590B9344FC}
	EndGlobalSection
EndGlobal
