
Microsoft Visual Studio Solution File, Format Version 12.00
# Visual Studio Version 17
VisualStudioVersion = 17.9.34723.18
MinimumVisualStudioVersion = 10.0.40219.1
Project("{9A19103F-16F7-4668-BE54-9A1E7A4F7556}") = "01.NutritionandCaloricIntakeAnalysis", "01.NutritionandCaloricIntakeAnalysis\01.NutritionandCaloricIntakeAnalysis.csproj", "{88BD2B6B-AD8F-4D08-ABC1-90D5959EDBD9}"
EndProject
Project("{9A19103F-16F7-4668-BE54-9A1E7A4F7556}") = "02.AverageStockPriceInRange", "02.AverageStockPriceInRange\02.AverageStockPriceInRange.csproj", "{D9B7A923-8AA6-48D2-9ECC-29DBC0D6B5D8}"
EndProject
Project("{FAE04EC0-301F-11D3-BF4B-00C04F79EFBC}") = "Testing", "Testing\Testing.csproj", "{B92DDA6A-E218-45F6-A5E9-20A46933A8ED}"
EndProject
Global
	GlobalSection(SolutionConfigurationPlatforms) = preSolution
		Debug|Any CPU = Debug|Any CPU
		Release|Any CPU = Release|Any CPU
	EndGlobalSection
	GlobalSection(ProjectConfigurationPlatforms) = postSolution
		{88BD2B6B-AD8F-4D08-ABC1-90D5959EDBD9}.Debug|Any CPU.ActiveCfg = Debug|Any CPU
		{88BD2B6B-AD8F-4D08-ABC1-90D5959EDBD9}.Debug|Any CPU.Build.0 = Debug|Any CPU
		{88BD2B6B-AD8F-4D08-ABC1-90D5959EDBD9}.Release|Any CPU.ActiveCfg = Release|Any CPU
		{88BD2B6B-AD8F-4D08-ABC1-90D5959EDBD9}.Release|Any CPU.Build.0 = Release|Any CPU
		{D9B7A923-8AA6-48D2-9ECC-29DBC0D6B5D8}.Debug|Any CPU.ActiveCfg = Debug|Any CPU
		{D9B7A923-8AA6-48D2-9ECC-29DBC0D6B5D8}.Debug|Any CPU.Build.0 = Debug|Any CPU
		{D9B7A923-8AA6-48D2-9ECC-29DBC0D6B5D8}.Release|Any CPU.ActiveCfg = Release|Any CPU
		{D9B7A923-8AA6-48D2-9ECC-29DBC0D6B5D8}.Release|Any CPU.Build.0 = Release|Any CPU
		{B92DDA6A-E218-45F6-A5E9-20A46933A8ED}.Debug|Any CPU.ActiveCfg = Debug|Any CPU
		{B92DDA6A-E218-45F6-A5E9-20A46933A8ED}.Debug|Any CPU.Build.0 = Debug|Any CPU
		{B92DDA6A-E218-45F6-A5E9-20A46933A8ED}.Release|Any CPU.ActiveCfg = Release|Any CPU
		{B92DDA6A-E218-45F6-A5E9-20A46933A8ED}.Release|Any CPU.Build.0 = Release|Any CPU
	EndGlobalSection
	GlobalSection(SolutionProperties) = preSolution
		HideSolutionNode = FALSE
	EndGlobalSection
	GlobalSection(ExtensibilityGlobals) = postSolution
		SolutionGuid = {23DFFDD4-9541-4A55-AED4-18C2FECD6D4C}
	EndGlobalSection
EndGlobal
